
Microsoft Visual Studio Solution File, Format Version 12.00
# Visual Studio Version 16
VisualStudioVersion = 16.0.29424.173
MinimumVisualStudioVersion = 10.0.40219.1
Project("{FAE04EC0-301F-11D3-BF4B-00C04F79EFBC}") = "StatusPageClient", "StatusPageClient\StatusPageClient.csproj", "{7AB12D4C-5EB3-4B7C-AF8B-BDCF2B20DF48}"
EndProject
Project("{FAE04EC0-301F-11D3-BF4B-00C04F79EFBC}") = "Testbed", "Testbed\Testbed.csproj", "{62D7AAAB-4674-456A-A919-25FA235EB54E}"
EndProject
Global
	GlobalSection(SolutionConfigurationPlatforms) = preSolution
		Debug|Any CPU = Debug|Any CPU
		Release|Any CPU = Release|Any CPU
	EndGlobalSection
	GlobalSection(ProjectConfigurationPlatforms) = postSolution
		{7AB12D4C-5EB3-4B7C-AF8B-BDCF2B20DF48}.Debug|Any CPU.ActiveCfg = Debug|Any CPU
		{7AB12D4C-5EB3-4B7C-AF8B-BDCF2B20DF48}.Debug|Any CPU.Build.0 = Debug|Any CPU
		{7AB12D4C-5EB3-4B7C-AF8B-BDCF2B20DF48}.Release|Any CPU.ActiveCfg = Release|Any CPU
		{7AB12D4C-5EB3-4B7C-AF8B-BDCF2B20DF48}.Release|Any CPU.Build.0 = Release|Any CPU
		{62D7AAAB-4674-456A-A919-25FA235EB54E}.Debug|Any CPU.ActiveCfg = Debug|Any CPU
		{62D7AAAB-4674-456A-A919-25FA235EB54E}.Debug|Any CPU.Build.0 = Debug|Any CPU
		{62D7AAAB-4674-456A-A919-25FA235EB54E}.Release|Any CPU.ActiveCfg = Release|Any CPU
		{62D7AAAB-4674-456A-A919-25FA235EB54E}.Release|Any CPU.Build.0 = Release|Any CPU
	EndGlobalSection
	GlobalSection(SolutionProperties) = preSolution
		HideSolutionNode = FALSE
	EndGlobalSection
	GlobalSection(ExtensibilityGlobals) = postSolution
		SolutionGuid = {D81DD7B4-4172-4406-ACA9-744E608812E6}
	EndGlobalSection
EndGlobal
